
Microsoft Visual Studio Solution File, Format Version 12.00
# Visual Studio 15
VisualStudioVersion = 15.0.26730.16
MinimumVisualStudioVersion = 10.0.40219.1
Project("{FAE04EC0-301F-11D3-BF4B-00C04F79EFBC}") = "PMCG.Messaging", "src\PMCG.Messaging\PMCG.Messaging.csproj", "{961ABA37-A451-4137-A1A5-1A6A7D25AF09}"
EndProject
Project("{2150E333-8FDC-42A3-9474-1A3956D46DE8}") = "Docs", "Docs", "{D858A88F-1B6C-456F-93DF-CDC6C11E89E5}"
	ProjectSection(SolutionItems) = preProject
		Readme.txt = Readme.txt
	EndProjectSection
EndProject
Project("{FAE04EC0-301F-11D3-BF4B-00C04F79EFBC}") = "PMCG.Messaging.Client", "src\PMCG.Messaging.Client\PMCG.Messaging.Client.csproj", "{8D3F71E3-22BF-41AB-86AA-80702D74B4D9}"
EndProject
Project("{FAE04EC0-301F-11D3-BF4B-00C04F79EFBC}") = "PMCG.Messaging.Client.UT", "test\PMCG.Messaging.Client.UT\PMCG.Messaging.Client.UT.csproj", "{8117DD63-8F69-4C5C-A473-BBD71CD4437E}"
EndProject
Project("{FAE04EC0-301F-11D3-BF4B-00C04F79EFBC}") = "PMCG.Messaging.Client.AT", "test\PMCG.Messaging.Client.AT\PMCG.Messaging.Client.AT.csproj", "{98470DA1-E69C-4C4C-A0B0-9AF30CF805FE}"
EndProject
Global
	GlobalSection(SolutionConfigurationPlatforms) = preSolution
		Debug|Any CPU = Debug|Any CPU
		Release|Any CPU = Release|Any CPU
	EndGlobalSection
	GlobalSection(ProjectConfigurationPlatforms) = postSolution
		{961ABA37-A451-4137-A1A5-1A6A7D25AF09}.Debug|Any CPU.ActiveCfg = Debug|Any CPU
		{961ABA37-A451-4137-A1A5-1A6A7D25AF09}.Debug|Any CPU.Build.0 = Debug|Any CPU
		{961ABA37-A451-4137-A1A5-1A6A7D25AF09}.Release|Any CPU.ActiveCfg = Release|Any CPU
		{961ABA37-A451-4137-A1A5-1A6A7D25AF09}.Release|Any CPU.Build.0 = Release|Any CPU
		{8D3F71E3-22BF-41AB-86AA-80702D74B4D9}.Debug|Any CPU.ActiveCfg = Debug|Any CPU
		{8D3F71E3-22BF-41AB-86AA-80702D74B4D9}.Debug|Any CPU.Build.0 = Debug|Any CPU
		{8D3F71E3-22BF-41AB-86AA-80702D74B4D9}.Release|Any CPU.ActiveCfg = Release|Any CPU
		{8D3F71E3-22BF-41AB-86AA-80702D74B4D9}.Release|Any CPU.Build.0 = Release|Any CPU
		{8117DD63-8F69-4C5C-A473-BBD71CD4437E}.Debug|Any CPU.ActiveCfg = Debug|Any CPU
		{8117DD63-8F69-4C5C-A473-BBD71CD4437E}.Debug|Any CPU.Build.0 = Debug|Any CPU
		{8117DD63-8F69-4C5C-A473-BBD71CD4437E}.Release|Any CPU.ActiveCfg = Release|Any CPU
		{8117DD63-8F69-4C5C-A473-BBD71CD4437E}.Release|Any CPU.Build.0 = Release|Any CPU
		{98470DA1-E69C-4C4C-A0B0-9AF30CF805FE}.Debug|Any CPU.ActiveCfg = Debug|Any CPU
		{98470DA1-E69C-4C4C-A0B0-9AF30CF805FE}.Debug|Any CPU.Build.0 = Debug|Any CPU
		{98470DA1-E69C-4C4C-A0B0-9AF30CF805FE}.Release|Any CPU.ActiveCfg = Release|Any CPU
		{98470DA1-E69C-4C4C-A0B0-9AF30CF805FE}.Release|Any CPU.Build.0 = Release|Any CPU
	EndGlobalSection
	GlobalSection(SolutionProperties) = preSolution
		HideSolutionNode = FALSE
	EndGlobalSection
	GlobalSection(ExtensibilityGlobals) = postSolution
		SolutionGuid = {A7F2B8DF-A394-4434-9910-CA5E86F891A7}
	EndGlobalSection
EndGlobal
